// !$*UTF8*$!
{
	archiveVersion = 1;
	classes = {
	};
	objectVersion = 56;
	objects = {

/* Begin PBXBuildFile section */
		07D629722993AFD300EE7DC6 /* GardenToHomeApp.swift in Sources */ = {isa = PBXBuildFile; fileRef = 07D629712993AFD300EE7DC6 /* GardenToHomeApp.swift */; };
		07D629742993AFD300EE7DC6 /* ContentView.swift in Sources */ = {isa = PBXBuildFile; fileRef = 07D629732993AFD300EE7DC6 /* ContentView.swift */; };
		07D629762993AFD400EE7DC6 /* Assets.xcassets in Resources */ = {isa = PBXBuildFile; fileRef = 07D629752993AFD400EE7DC6 /* Assets.xcassets */; };
		07D629792993AFD400EE7DC6 /* Preview Assets.xcassets in Resources */ = {isa = PBXBuildFile; fileRef = 07D629782993AFD400EE7DC6 /* Preview Assets.xcassets */; };
		07D629812993B42A00EE7DC6 /* MainView.swift in Sources */ = {isa = PBXBuildFile; fileRef = 07D629802993B42A00EE7DC6 /* MainView.swift */; };
		07D629842993B51D00EE7DC6 /* HomeView.swift in Sources */ = {isa = PBXBuildFile; fileRef = 07D629832993B51D00EE7DC6 /* HomeView.swift */; };
		07D629862993BBE800EE7DC6 /* HeaderHomeView.swift in Sources */ = {isa = PBXBuildFile; fileRef = 07D629852993BBE800EE7DC6 /* HeaderHomeView.swift */; };
		07D629882993C5FA00EE7DC6 /* HomeViewModel.swift in Sources */ = {isa = PBXBuildFile; fileRef = 07D629872993C5FA00EE7DC6 /* HomeViewModel.swift */; };
		07D6298B2993CD3700EE7DC6 /* Dependencies.swift in Sources */ = {isa = PBXBuildFile; fileRef = 07D6298A2993CD3700EE7DC6 /* Dependencies.swift */; };
		07D629922993F11900EE7DC6 /* ContentListHomeView.swift in Sources */ = {isa = PBXBuildFile; fileRef = 07D629912993F11900EE7DC6 /* ContentListHomeView.swift */; };
/* End PBXBuildFile section */

/* Begin PBXFileReference section */
		07D6296E2993AFD300EE7DC6 /* GardenToHome.app */ = {isa = PBXFileReference; explicitFileType = wrapper.application; includeInIndex = 0; path = GardenToHome.app; sourceTree = BUILT_PRODUCTS_DIR; };
		07D629712993AFD300EE7DC6 /* GardenToHomeApp.swift */ = {isa = PBXFileReference; lastKnownFileType = sourcecode.swift; path = GardenToHomeApp.swift; sourceTree = "<group>"; };
		07D629732993AFD300EE7DC6 /* ContentView.swift */ = {isa = PBXFileReference; lastKnownFileType = sourcecode.swift; path = ContentView.swift; sourceTree = "<group>"; };
		07D629752993AFD400EE7DC6 /* Assets.xcassets */ = {isa = PBXFileReference; lastKnownFileType = folder.assetcatalog; path = Assets.xcassets; sourceTree = "<group>"; };
		07D629782993AFD400EE7DC6 /* Preview Assets.xcassets */ = {isa = PBXFileReference; lastKnownFileType = folder.assetcatalog; path = "Preview Assets.xcassets"; sourceTree = "<group>"; };
		07D629802993B42A00EE7DC6 /* MainView.swift */ = {isa = PBXFileReference; lastKnownFileType = sourcecode.swift; path = MainView.swift; sourceTree = "<group>"; };
		07D629832993B51D00EE7DC6 /* HomeView.swift */ = {isa = PBXFileReference; lastKnownFileType = sourcecode.swift; path = HomeView.swift; sourceTree = "<group>"; };
		07D629852993BBE800EE7DC6 /* HeaderHomeView.swift */ = {isa = PBXFileReference; lastKnownFileType = sourcecode.swift; path = HeaderHomeView.swift; sourceTree = "<group>"; };
		07D629872993C5FA00EE7DC6 /* HomeViewModel.swift */ = {isa = PBXFileReference; lastKnownFileType = sourcecode.swift; path = HomeViewModel.swift; sourceTree = "<group>"; };
		07D6298A2993CD3700EE7DC6 /* Dependencies.swift */ = {isa = PBXFileReference; lastKnownFileType = sourcecode.swift; path = Dependencies.swift; sourceTree = "<group>"; };
		07D629912993F11900EE7DC6 /* ContentListHomeView.swift */ = {isa = PBXFileReference; lastKnownFileType = sourcecode.swift; path = ContentListHomeView.swift; sourceTree = "<group>"; };
/* End PBXFileReference section */

/* Begin PBXFrameworksBuildPhase section */
		07D6296B2993AFD300EE7DC6 /* Frameworks */ = {
			isa = PBXFrameworksBuildPhase;
			buildActionMask = 2147483647;
			files = (
			);
			runOnlyForDeploymentPostprocessing = 0;
		};
/* End PBXFrameworksBuildPhase section */

/* Begin PBXGroup section */
		07D629652993AFD300EE7DC6 = {
			isa = PBXGroup;
			children = (
				07D629892993CD2900EE7DC6 /* Util */,
				07D6297F2993B03700EE7DC6 /* View */,
				07D629702993AFD300EE7DC6 /* GardenToHome */,
				07D6296F2993AFD300EE7DC6 /* Products */,
			);
			sourceTree = "<group>";
		};
		07D6296F2993AFD300EE7DC6 /* Products */ = {
			isa = PBXGroup;
			children = (
				07D6296E2993AFD300EE7DC6 /* GardenToHome.app */,
			);
			name = Products;
			sourceTree = "<group>";
		};
		07D629702993AFD300EE7DC6 /* GardenToHome */ = {
			isa = PBXGroup;
			children = (
				07D629712993AFD300EE7DC6 /* GardenToHomeApp.swift */,
				07D629732993AFD300EE7DC6 /* ContentView.swift */,
				07D629752993AFD400EE7DC6 /* Assets.xcassets */,
				07D629772993AFD400EE7DC6 /* Preview Content */,
			);
			path = GardenToHome;
			sourceTree = "<group>";
		};
		07D629772993AFD400EE7DC6 /* Preview Content */ = {
			isa = PBXGroup;
			children = (
				07D629782993AFD400EE7DC6 /* Preview Assets.xcassets */,
			);
			path = "Preview Content";
			sourceTree = "<group>";
		};
		07D6297F2993B03700EE7DC6 /* View */ = {
			isa = PBXGroup;
			children = (
				07D629822993B4CA00EE7DC6 /* Home */,
				07D629802993B42A00EE7DC6 /* MainView.swift */,
			);
			path = View;
			sourceTree = "<group>";
		};
		07D629822993B4CA00EE7DC6 /* Home */ = {
			isa = PBXGroup;
			children = (
				07D629832993B51D00EE7DC6 /* HomeView.swift */,
				07D629852993BBE800EE7DC6 /* HeaderHomeView.swift */,
				07D629872993C5FA00EE7DC6 /* HomeViewModel.swift */,
				07D629912993F11900EE7DC6 /* ContentListHomeView.swift */,
			);
			path = Home;
			sourceTree = "<group>";
		};
		07D629892993CD2900EE7DC6 /* Util */ = {
			isa = PBXGroup;
			children = (
				07D6298A2993CD3700EE7DC6 /* Dependencies.swift */,
			);
			path = Util;
			sourceTree = "<group>";
		};
/* End PBXGroup section */

/* Begin PBXNativeTarget section */
		07D6296D2993AFD300EE7DC6 /* GardenToHome */ = {
			isa = PBXNativeTarget;
			buildConfigurationList = 07D6297C2993AFD400EE7DC6 /* Build configuration list for PBXNativeTarget "GardenToHome" */;
			buildPhases = (
				07D6296A2993AFD300EE7DC6 /* Sources */,
				07D6296B2993AFD300EE7DC6 /* Frameworks */,
				07D6296C2993AFD300EE7DC6 /* Resources */,
			);
			buildRules = (
			);
			dependencies = (
			);
			name = GardenToHome;
			packageProductDependencies = (
			);
			productName = GardenToHome;
			productReference = 07D6296E2993AFD300EE7DC6 /* GardenToHome.app */;
			productType = "com.apple.product-type.application";
		};
/* End PBXNativeTarget section */

/* Begin PBXProject section */
		07D629662993AFD300EE7DC6 /* Project object */ = {
			isa = PBXProject;
			attributes = {
				BuildIndependentTargetsInParallel = 1;
				LastSwiftUpdateCheck = 1420;
				LastUpgradeCheck = 1420;
				TargetAttributes = {
					07D6296D2993AFD300EE7DC6 = {
						CreatedOnToolsVersion = 14.2;
					};
				};
			};
			buildConfigurationList = 07D629692993AFD300EE7DC6 /* Build configuration list for PBXProject "GardenToHome" */;
			compatibilityVersion = "Xcode 14.0";
			developmentRegion = en;
			hasScannedForEncodings = 0;
			knownRegions = (
				en,
				Base,
			);
			mainGroup = 07D629652993AFD300EE7DC6;
			packageReferences = (
			);
			productRefGroup = 07D6296F2993AFD300EE7DC6 /* Products */;
			projectDirPath = "";
			projectRoot = "";
			targets = (
				07D6296D2993AFD300EE7DC6 /* GardenToHome */,
			);
		};
/* End PBXProject section */

/* Begin PBXResourcesBuildPhase section */
		07D6296C2993AFD300EE7DC6 /* Resources */ = {
			isa = PBXResourcesBuildPhase;
			buildActionMask = 2147483647;
			files = (
				07D629792993AFD400EE7DC6 /* Preview Assets.xcassets in Resources */,
				07D629762993AFD400EE7DC6 /* Assets.xcassets in Resources */,
			);
			runOnlyForDeploymentPostprocessing = 0;
		};
/* End PBXResourcesBuildPhase section */

/* Begin PBXSourcesBuildPhase section */
		07D6296A2993AFD300EE7DC6 /* Sources */ = {
			isa = PBXSourcesBuildPhase;
			buildActionMask = 2147483647;
			files = (
				07D6298B2993CD3700EE7DC6 /* Dependencies.swift in Sources */,
				07D629742993AFD300EE7DC6 /* ContentView.swift in Sources */,
				07D629882993C5FA00EE7DC6 /* HomeViewModel.swift in Sources */,
				07D629862993BBE800EE7DC6 /* HeaderHomeView.swift in Sources */,
				07D629842993B51D00EE7DC6 /* HomeView.swift in Sources */,
				07D629812993B42A00EE7DC6 /* MainView.swift in Sources */,
				07D629722993AFD300EE7DC6 /* GardenToHomeApp.swift in Sources */,
				07D629922993F11900EE7DC6 /* ContentListHomeView.swift in Sources */,
			);
			runOnlyForDeploymentPostprocessing = 0;
		};
/* End PBXSourcesBuildPhase section */

/* Begin XCBuildConfiguration section */
		07D6297A2993AFD400EE7DC6 /* Debug */ = {
			isa = XCBuildConfiguration;
			buildSettings = {
				ALWAYS_SEARCH_USER_PATHS = NO;
				CLANG_ANALYZER_NONNULL = YES;
				CLANG_ANALYZER_NUMBER_OBJECT_CONVERSION = YES_AGGRESSIVE;
				CLANG_CXX_LANGUAGE_STANDARD = "gnu++20";
				CLANG_ENABLE_MODULES = YES;
				CLANG_ENABLE_OBJC_ARC = YES;
				CLANG_ENABLE_OBJC_WEAK = YES;
				CLANG_WARN_BLOCK_CAPTURE_AUTORELEASING = YES;
				CLANG_WARN_BOOL_CONVERSION = YES;
				CLANG_WARN_COMMA = YES;
				CLANG_WARN_CONSTANT_CONVERSION = YES;
				CLANG_WARN_DEPRECATED_OBJC_IMPLEMENTATIONS = YES;
				CLANG_WARN_DIRECT_OBJC_ISA_USAGE = YES_ERROR;
				CLANG_WARN_DOCUMENTATION_COMMENTS = YES;
				CLANG_WARN_EMPTY_BODY = YES;
				CLANG_WARN_ENUM_CONVERSION = YES;
				CLANG_WARN_INFINITE_RECURSION = YES;
				CLANG_WARN_INT_CONVERSION = YES;
				CLANG_WARN_NON_LITERAL_NULL_CONVERSION = YES;
				CLANG_WARN_OBJC_IMPLICIT_RETAIN_SELF = YES;
				CLANG_WARN_OBJC_LITERAL_CONVERSION = YES;
				CLANG_WARN_OBJC_ROOT_CLASS = YES_ERROR;
				CLANG_WARN_QUOTED_INCLUDE_IN_FRAMEWORK_HEADER = YES;
				CLANG_WARN_RANGE_LOOP_ANALYSIS = YES;
				CLANG_WARN_STRICT_PROTOTYPES = YES;
				CLANG_WARN_SUSPICIOUS_MOVE = YES;
				CLANG_WARN_UNGUARDED_AVAILABILITY = YES_AGGRESSIVE;
				CLANG_WARN_UNREACHABLE_CODE = YES;
				CLANG_WARN__DUPLICATE_METHOD_MATCH = YES;
				COPY_PHASE_STRIP = NO;
				DEBUG_INFORMATION_FORMAT = dwarf;
				ENABLE_STRICT_OBJC_MSGSEND = YES;
				ENABLE_TESTABILITY = YES;
				GCC_C_LANGUAGE_STANDARD = gnu11;
				GCC_DYNAMIC_NO_PIC = NO;
				GCC_NO_COMMON_BLOCKS = YES;
				GCC_OPTIMIZATION_LEVEL = 0;
				GCC_PREPROCESSOR_DEFINITIONS = (
					"DEBUG=1",
					"$(inherited)",
				);
				GCC_WARN_64_TO_32_BIT_CONVERSION = YES;
				GCC_WARN_ABOUT_RETURN_TYPE = YES_ERROR;
				GCC_WARN_UNDECLARED_SELECTOR = YES;
				GCC_WARN_UNINITIALIZED_AUTOS = YES_AGGRESSIVE;
				GCC_WARN_UNUSED_FUNCTION = YES;
				GCC_WARN_UNUSED_VARIABLE = YES;
				IPHONEOS_DEPLOYMENT_TARGET = 16.2;
				MTL_ENABLE_DEBUG_INFO = INCLUDE_SOURCE;
				MTL_FAST_MATH = YES;
				ONLY_ACTIVE_ARCH = YES;
				SDKROOT = iphoneos;
				SWIFT_ACTIVE_COMPILATION_CONDITIONS = DEBUG;
				SWIFT_OPTIMIZATION_LEVEL = "-Onone";
			};
			name = Debug;
		};
		07D6297B2993AFD400EE7DC6 /* Release */ = {
			isa = XCBuildConfiguration;
			buildSettings = {
				ALWAYS_SEARCH_USER_PATHS = NO;
				CLANG_ANALYZER_NONNULL = YES;
				CLANG_ANALYZER_NUMBER_OBJECT_CONVERSION = YES_AGGRESSIVE;
				CLANG_CXX_LANGUAGE_STANDARD = "gnu++20";
				CLANG_ENABLE_MODULES = YES;
				CLANG_ENABLE_OBJC_ARC = YES;
				CLANG_ENABLE_OBJC_WEAK = YES;
				CLANG_WARN_BLOCK_CAPTURE_AUTORELEASING = YES;
				CLANG_WARN_BOOL_CONVERSION = YES;
				CLANG_WARN_COMMA = YES;
				CLANG_WARN_CONSTANT_CONVERSION = YES;
				CLANG_WARN_DEPRECATED_OBJC_IMPLEMENTATIONS = YES;
				CLANG_WARN_DIRECT_OBJC_ISA_USAGE = YES_ERROR;
				CLANG_WARN_DOCUMENTATION_COMMENTS = YES;
				CLANG_WARN_EMPTY_BODY = YES;
				CLANG_WARN_ENUM_CONVERSION = YES;
				CLANG_WARN_INFINITE_RECURSION = YES;
				CLANG_WARN_INT_CONVERSION = YES;
				CLANG_WARN_NON_LITERAL_NULL_CONVERSION = YES;
				CLANG_WARN_OBJC_IMPLICIT_RETAIN_SELF = YES;
				CLANG_WARN_OBJC_LITERAL_CONVERSION = YES;
				CLANG_WARN_OBJC_ROOT_CLASS = YES_ERROR;
				CLANG_WARN_QUOTED_INCLUDE_IN_FRAMEWORK_HEADER = YES;
				CLANG_WARN_RANGE_LOOP_ANALYSIS = YES;
				CLANG_WARN_STRICT_PROTOTYPES = YES;
				CLANG_WARN_SUSPICIOUS_MOVE = YES;
				CLANG_WARN_UNGUARDED_AVAILABILITY = YES_AGGRESSIVE;
				CLANG_WARN_UNREACHABLE_CODE = YES;
				CLANG_WARN__DUPLICATE_METHOD_MATCH = YES;
				COPY_PHASE_STRIP = NO;
				DEBUG_INFORMATION_FORMAT = "dwarf-with-dsym";
				ENABLE_NS_ASSERTIONS = NO;
				ENABLE_STRICT_OBJC_MSGSEND = YES;
				GCC_C_LANGUAGE_STANDARD = gnu11;
				GCC_NO_COMMON_BLOCKS = YES;
				GCC_WARN_64_TO_32_BIT_CONVERSION = YES;
				GCC_WARN_ABOUT_RETURN_TYPE = YES_ERROR;
				GCC_WARN_UNDECLARED_SELECTOR = YES;
				GCC_WARN_UNINITIALIZED_AUTOS = YES_AGGRESSIVE;
				GCC_WARN_UNUSED_FUNCTION = YES;
				GCC_WARN_UNUSED_VARIABLE = YES;
				IPHONEOS_DEPLOYMENT_TARGET = 16.2;
				MTL_ENABLE_DEBUG_INFO = NO;
				MTL_FAST_MATH = YES;
				SDKROOT = iphoneos;
				SWIFT_COMPILATION_MODE = wholemodule;
				SWIFT_OPTIMIZATION_LEVEL = "-O";
				VALIDATE_PRODUCT = YES;
			};
			name = Release;
		};
		07D6297D2993AFD400EE7DC6 /* Debug */ = {
			isa = XCBuildConfiguration;
			buildSettings = {
				ASSETCATALOG_COMPILER_APPICON_NAME = AppIcon;
				ASSETCATALOG_COMPILER_GLOBAL_ACCENT_COLOR_NAME = AccentColor;
				CODE_SIGN_STYLE = Automatic;
				CURRENT_PROJECT_VERSION = 1;
				DEVELOPMENT_ASSET_PATHS = "\"GardenToHome/Preview Content\"";
				DEVELOPMENT_TEAM = 8WHNXCK73W;
				ENABLE_PREVIEWS = YES;
				GENERATE_INFOPLIST_FILE = YES;
				INFOPLIST_KEY_UIApplicationSceneManifest_Generation = YES;
				INFOPLIST_KEY_UIApplicationSupportsIndirectInputEvents = YES;
				INFOPLIST_KEY_UILaunchScreen_Generation = YES;
				INFOPLIST_KEY_UISupportedInterfaceOrientations_iPad = "UIInterfaceOrientationPortrait UIInterfaceOrientationPortraitUpsideDown UIInterfaceOrientationLandscapeLeft UIInterfaceOrientationLandscapeRight";
				INFOPLIST_KEY_UISupportedInterfaceOrientations_iPhone = "UIInterfaceOrientationPortrait UIInterfaceOrientationLandscapeLeft UIInterfaceOrientationLandscapeRight";
				IPHONEOS_DEPLOYMENT_TARGET = 14.0;
				LD_RUNPATH_SEARCH_PATHS = (
					"$(inherited)",
					"@executable_path/Frameworks",
				);
				MARKETING_VERSION = 1.0;
				PRODUCT_BUNDLE_IDENTIFIER = com.agmcoder.GardenToHome;
				PRODUCT_NAME = "$(TARGET_NAME)";
				SWIFT_EMIT_LOC_STRINGS = YES;
				SWIFT_VERSION = 5.0;
				TARGETED_DEVICE_FAMILY = "1,2";
			};
			name = Debug;
		};
		07D6297E2993AFD400EE7DC6 /* Release */ = {
			isa = XCBuildConfiguration;
			buildSettings = {
				ASSETCATALOG_COMPILER_APPICON_NAME = AppIcon;
				ASSETCATALOG_COMPILER_GLOBAL_ACCENT_COLOR_NAME = AccentColor;
				CODE_SIGN_STYLE = Automatic;
				CURRENT_PROJECT_VERSION = 1;
				DEVELOPMENT_ASSET_PATHS = "\"GardenToHome/Preview Content\"";
				DEVELOPMENT_TEAM = 8WHNXCK73W;
				ENABLE_PREVIEWS = YES;
				GENERATE_INFOPLIST_FILE = YES;
				INFOPLIST_KEY_UIApplicationSceneManifest_Generation = YES;
				INFOPLIST_KEY_UIApplicationSupportsIndirectInputEvents = YES;
				INFOPLIST_KEY_UILaunchScreen_Generation = YES;
				INFOPLIST_KEY_UISupportedInterfaceOrientations_iPad = "UIInterfaceOrientationPortrait UIInterfaceOrientationPortraitUpsideDown UIInterfaceOrientationLandscapeLeft UIInterfaceOrientationLandscapeRight";
				INFOPLIST_KEY_UISupportedInterfaceOrientations_iPhone = "UIInterfaceOrientationPortrait UIInterfaceOrientationLandscapeLeft UIInterfaceOrientationLandscapeRight";
				IPHONEOS_DEPLOYMENT_TARGET = 14.0;
				LD_RUNPATH_SEARCH_PATHS = (
					"$(inherited)",
					"@executable_path/Frameworks",
				);
				MARKETING_VERSION = 1.0;
				PRODUCT_BUNDLE_IDENTIFIER = com.agmcoder.GardenToHome;
				PRODUCT_NAME = "$(TARGET_NAME)";
				SWIFT_EMIT_LOC_STRINGS = YES;
				SWIFT_VERSION = 5.0;
				TARGETED_DEVICE_FAMILY = "1,2";
			};
			name = Release;
		};
/* End XCBuildConfiguration section */

/* Begin XCConfigurationList section */
		07D629692993AFD300EE7DC6 /* Build configuration list for PBXProject "GardenToHome" */ = {
			isa = XCConfigurationList;
			buildConfigurations = (
				07D6297A2993AFD400EE7DC6 /* Debug */,
				07D6297B2993AFD400EE7DC6 /* Release */,
			);
			defaultConfigurationIsVisible = 0;
			defaultConfigurationName = Release;
		};
		07D6297C2993AFD400EE7DC6 /* Build configuration list for PBXNativeTarget "GardenToHome" */ = {
			isa = XCConfigurationList;
			buildConfigurations = (
				07D6297D2993AFD400EE7DC6 /* Debug */,
				07D6297E2993AFD400EE7DC6 /* Release */,
			);
			defaultConfigurationIsVisible = 0;
			defaultConfigurationName = Release;
		};
/* End XCConfigurationList section */
	};
	rootObject = 07D629662993AFD300EE7DC6 /* Project object */;
}
